adw-bluetooth
blueman
discover-overlay
docker
eclipse-mat
eclipses.eclipse-committers
eclipses.eclipse-cpp
eclipses.eclipse-dsl
eclipses.eclipse-embedcpp
eclipses.eclipse-java
eclipses.eclipse-jee
eclipses.eclipse-modeling
eclipses.eclipse-platform
eclipses.eclipse-rcp
eclipses.eclipse-sdk
flatpak
gtk-pipe-viewer
krita
libsForQt5.qtmultimedia
nano
nodejs
pnpm
python
python3
steam
swww
wallust
#$built$#
